// !$*UTF8*$!
{
	archiveVersion = 1;
	classes = {
	};
	objectVersion = 46;
	objects = {

/* Begin PBXBuildFile section */
		B3731222176CDA1B0028186C /* UIKit.framework in Frameworks */ = {isa = PBXBuildFile; fileRef = B3731221176CDA1B0028186C /* UIKit.framework */; };
		B3731224176CDA1B0028186C /* Foundation.framework in Frameworks */ = {isa = PBXBuildFile; fileRef = B3731223176CDA1B0028186C /* Foundation.framework */; };
		B3731226176CDA1B0028186C /* CoreGraphics.framework in Frameworks */ = {isa = PBXBuildFile; fileRef = B3731225176CDA1B0028186C /* CoreGraphics.framework */; };
		B373122C176CDA1B0028186C /* InfoPlist.strings in Resources */ = {isa = PBXBuildFile; fileRef = B373122A176CDA1B0028186C /* InfoPlist.strings */; };
		B373122E176CDA1B0028186C /* main.m in Sources */ = {isa = PBXBuildFile; fileRef = B373122D176CDA1B0028186C /* main.m */; };
		B3731232176CDA1B0028186C /* MCAppDelegate.m in Sources */ = {isa = PBXBuildFile; fileRef = B3731231176CDA1B0028186C /* MCAppDelegate.m */; };
		B3731234176CDA1B0028186C /* Default.png in Resources */ = {isa = PBXBuildFile; fileRef = B3731233176CDA1B0028186C /* Default.png */; };
		B3731236176CDA1B0028186C /* Default@2x.png in Resources */ = {isa = PBXBuildFile; fileRef = B3731235176CDA1B0028186C /* Default@2x.png */; };
		B3731238176CDA1B0028186C /* Default-568h@2x.png in Resources */ = {isa = PBXBuildFile; fileRef = B3731237176CDA1B0028186C /* Default-568h@2x.png */; };
		B3731249176CDA1B0028186C /* SenTestingKit.framework in Frameworks */ = {isa = PBXBuildFile; fileRef = B3731248176CDA1B0028186C /* SenTestingKit.framework */; };
		B373124A176CDA1B0028186C /* UIKit.framework in Frameworks */ = {isa = PBXBuildFile; fileRef = B3731221176CDA1B0028186C /* UIKit.framework */; };
		B373124B176CDA1B0028186C /* Foundation.framework in Frameworks */ = {isa = PBXBuildFile; fileRef = B3731223176CDA1B0028186C /* Foundation.framework */; };
		B3731253176CDA1B0028186C /* InfoPlist.strings in Resources */ = {isa = PBXBuildFile; fileRef = B3731251176CDA1B0028186C /* InfoPlist.strings */; };
		B3731256176CDA1B0028186C /* MOPCONTests.m in Sources */ = {isa = PBXBuildFile; fileRef = B3731255176CDA1B0028186C /* MOPCONTests.m */; };
		B3731262176CDC200028186C /* MCSplashViewController.m in Sources */ = {isa = PBXBuildFile; fileRef = B3731260176CDC200028186C /* MCSplashViewController.m */; };
		B3731263176CDC200028186C /* MCSplashViewController.m in Sources */ = {isa = PBXBuildFile; fileRef = B3731260176CDC200028186C /* MCSplashViewController.m */; };
		B3731264176CDC200028186C /* MCSplashViewController.xib in Resources */ = {isa = PBXBuildFile; fileRef = B3731261176CDC200028186C /* MCSplashViewController.xib */; };
		B3731265176CDC200028186C /* MCSplashViewController.xib in Resources */ = {isa = PBXBuildFile; fileRef = B3731261176CDC200028186C /* MCSplashViewController.xib */; };
		B373126D176CE0380028186C /* MCMainViewController.m in Sources */ = {isa = PBXBuildFile; fileRef = B373126B176CE0380028186C /* MCMainViewController.m */; };
		B373126E176CE0380028186C /* MCMainViewController.m in Sources */ = {isa = PBXBuildFile; fileRef = B373126B176CE0380028186C /* MCMainViewController.m */; };
		B373126F176CE0380028186C /* MCMainViewController.xib in Resources */ = {isa = PBXBuildFile; fileRef = B373126C176CE0380028186C /* MCMainViewController.xib */; };
		B3731270176CE0380028186C /* MCMainViewController.xib in Resources */ = {isa = PBXBuildFile; fileRef = B373126C176CE0380028186C /* MCMainViewController.xib */; };
		B3731274176CE16D0028186C /* MCAgendaViewController.m in Sources */ = {isa = PBXBuildFile; fileRef = B3731272176CE16D0028186C /* MCAgendaViewController.m */; };
		B3731275176CE16D0028186C /* MCAgendaViewController.m in Sources */ = {isa = PBXBuildFile; fileRef = B3731272176CE16D0028186C /* MCAgendaViewController.m */; };
		B3731276176CE16D0028186C /* MCAgendaViewController.xib in Resources */ = {isa = PBXBuildFile; fileRef = B3731273176CE16D0028186C /* MCAgendaViewController.xib */; };
		B3731277176CE16D0028186C /* MCAgendaViewController.xib in Resources */ = {isa = PBXBuildFile; fileRef = B3731273176CE16D0028186C /* MCAgendaViewController.xib */; };
		B373127B176CE3BC0028186C /* glyphicons_045_calendar.png in Resources */ = {isa = PBXBuildFile; fileRef = B3731279176CE3BC0028186C /* glyphicons_045_calendar.png */; };
		B373127C176CE3BC0028186C /* glyphicons_045_calendar.png in Resources */ = {isa = PBXBuildFile; fileRef = B3731279176CE3BC0028186C /* glyphicons_045_calendar.png */; };
		B373127D176CE3BC0028186C /* glyphicons_045_calendar@2x.png in Resources */ = {isa = PBXBuildFile; fileRef = B373127A176CE3BC0028186C /* glyphicons_045_calendar@2x.png */; };
		B373127E176CE3BC0028186C /* glyphicons_045_calendar@2x.png in Resources */ = {isa = PBXBuildFile; fileRef = B373127A176CE3BC0028186C /* glyphicons_045_calendar@2x.png */; };
		B3731281176CE3E40028186C /* glyphicons_242_google_maps.png in Resources */ = {isa = PBXBuildFile; fileRef = B373127F176CE3E40028186C /* glyphicons_242_google_maps.png */; };
		B3731282176CE3E40028186C /* glyphicons_242_google_maps.png in Resources */ = {isa = PBXBuildFile; fileRef = B373127F176CE3E40028186C /* glyphicons_242_google_maps.png */; };
		B3731283176CE3E40028186C /* glyphicons_242_google_maps@2x.png in Resources */ = {isa = PBXBuildFile; fileRef = B3731280176CE3E40028186C /* glyphicons_242_google_maps@2x.png */; };
		B3731284176CE3E40028186C /* glyphicons_242_google_maps@2x.png in Resources */ = {isa = PBXBuildFile; fileRef = B3731280176CE3E40028186C /* glyphicons_242_google_maps@2x.png */; };
		B3731288176CE4380028186C /* MCTrafficGuideViewController.m in Sources */ = {isa = PBXBuildFile; fileRef = B3731286176CE4380028186C /* MCTrafficGuideViewController.m */; };
		B3731289176CE4380028186C /* MCTrafficGuideViewController.m in Sources */ = {isa = PBXBuildFile; fileRef = B3731286176CE4380028186C /* MCTrafficGuideViewController.m */; };
		B373128A176CE4380028186C /* MCTrafficGuideViewController.xib in Resources */ = {isa = PBXBuildFile; fileRef = B3731287176CE4380028186C /* MCTrafficGuideViewController.xib */; };
		B373128B176CE4380028186C /* MCTrafficGuideViewController.xib in Resources */ = {isa = PBXBuildFile; fileRef = B3731287176CE4380028186C /* MCTrafficGuideViewController.xib */; };
		B373128E176CE4AB0028186C /* glyphicons_026_road.png in Resources */ = {isa = PBXBuildFile; fileRef = B373128C176CE4AB0028186C /* glyphicons_026_road.png */; };
		B373128F176CE4AB0028186C /* glyphicons_026_road.png in Resources */ = {isa = PBXBuildFile; fileRef = B373128C176CE4AB0028186C /* glyphicons_026_road.png */; };
		B3731290176CE4AB0028186C /* glyphicons_026_road@2x.png in Resources */ = {isa = PBXBuildFile; fileRef = B373128D176CE4AB0028186C /* glyphicons_026_road@2x.png */; };
		B3731291176CE4AB0028186C /* glyphicons_026_road@2x.png in Resources */ = {isa = PBXBuildFile; fileRef = B373128D176CE4AB0028186C /* glyphicons_026_road@2x.png */; };
		B3731295176CE4EC0028186C /* MCInfoViewController.m in Sources */ = {isa = PBXBuildFile; fileRef = B3731293176CE4EC0028186C /* MCInfoViewController.m */; };
		B3731296176CE4EC0028186C /* MCInfoViewController.m in Sources */ = {isa = PBXBuildFile; fileRef = B3731293176CE4EC0028186C /* MCInfoViewController.m */; };
		B3731297176CE4EC0028186C /* MCInfoViewController.xib in Resources */ = {isa = PBXBuildFile; fileRef = B3731294176CE4EC0028186C /* MCInfoViewController.xib */; };
		B3731298176CE4EC0028186C /* MCInfoViewController.xib in Resources */ = {isa = PBXBuildFile; fileRef = B3731294176CE4EC0028186C /* MCInfoViewController.xib */; };
		B373129B176CE5360028186C /* glyphicons_195_circle_info.png in Resources */ = {isa = PBXBuildFile; fileRef = B3731299176CE5360028186C /* glyphicons_195_circle_info.png */; };
		B373129C176CE5360028186C /* glyphicons_195_circle_info.png in Resources */ = {isa = PBXBuildFile; fileRef = B3731299176CE5360028186C /* glyphicons_195_circle_info.png */; };
		B373129D176CE5360028186C /* glyphicons_195_circle_info@2x.png in Resources */ = {isa = PBXBuildFile; fileRef = B373129A176CE5360028186C /* glyphicons_195_circle_info@2x.png */; };
		B373129E176CE5360028186C /* glyphicons_195_circle_info@2x.png in Resources */ = {isa = PBXBuildFile; fileRef = B373129A176CE5360028186C /* glyphicons_195_circle_info@2x.png */; };
/* End PBXBuildFile section */

/* Begin PBXContainerItemProxy section */
		B373124C176CDA1B0028186C /* PBXContainerItemProxy */ = {
			isa = PBXContainerItemProxy;
			containerPortal = B3731216176CDA1B0028186C /* Project object */;
			proxyType = 1;
			remoteGlobalIDString = B373121D176CDA1B0028186C;
			remoteInfo = MOPCON;
		};
/* End PBXContainerItemProxy section */

/* Begin PBXFileReference section */
		B373121E176CDA1B0028186C /* MOPCON.app */ = {isa = PBXFileReference; explicitFileType = wrapper.application; includeInIndex = 0; path = MOPCON.app; sourceTree = BUILT_PRODUCTS_DIR; };
		B3731221176CDA1B0028186C /* UIKit.framework */ = {isa = PBXFileReference; lastKnownFileType = wrapper.framework; name = UIKit.framework; path = System/Library/Frameworks/UIKit.framework; sourceTree = SDKROOT; };
		B3731223176CDA1B0028186C /* Foundation.framework */ = {isa = PBXFileReference; lastKnownFileType = wrapper.framework; name = Foundation.framework; path = System/Library/Frameworks/Foundation.framework; sourceTree = SDKROOT; };
		B3731225176CDA1B0028186C /* CoreGraphics.framework */ = {isa = PBXFileReference; lastKnownFileType = wrapper.framework; name = CoreGraphics.framework; path = System/Library/Frameworks/CoreGraphics.framework; sourceTree = SDKROOT; };
		B3731229176CDA1B0028186C /* MOPCON-Info.plist */ = {isa = PBXFileReference; lastKnownFileType = text.plist.xml; path = "MOPCON-Info.plist"; sourceTree = "<group>"; };
		B373122B176CDA1B0028186C /* en */ = {isa = PBXFileReference; lastKnownFileType = text.plist.strings; name = en; path = en.lproj/InfoPlist.strings; sourceTree = "<group>"; };
		B373122D176CDA1B0028186C /* main.m */ = {isa = PBXFileReference; lastKnownFileType = sourcecode.c.objc; path = main.m; sourceTree = "<group>"; };
		B373122F176CDA1B0028186C /* MOPCON-Prefix.pch */ = {isa = PBXFileReference; lastKnownFileType = sourcecode.c.h; path = "MOPCON-Prefix.pch"; sourceTree = "<group>"; };
		B3731230176CDA1B0028186C /* MCAppDelegate.h */ = {isa = PBXFileReference; lastKnownFileType = sourcecode.c.h; path = MCAppDelegate.h; sourceTree = "<group>"; };
		B3731231176CDA1B0028186C /* MCAppDelegate.m */ = {isa = PBXFileReference; lastKnownFileType = sourcecode.c.objc; path = MCAppDelegate.m; sourceTree = "<group>"; };
		B3731233176CDA1B0028186C /* Default.png */ = {isa = PBXFileReference; lastKnownFileType = image.png; path = Default.png; sourceTree = "<group>"; };
		B3731235176CDA1B0028186C /* Default@2x.png */ = {isa = PBXFileReference; lastKnownFileType = image.png; path = "Default@2x.png"; sourceTree = "<group>"; };
		B3731237176CDA1B0028186C /* Default-568h@2x.png */ = {isa = PBXFileReference; lastKnownFileType = image.png; path = "Default-568h@2x.png"; sourceTree = "<group>"; };
		B3731247176CDA1B0028186C /* MOPCONTests.octest */ = {isa = PBXFileReference; explicitFileType = wrapper.cfbundle; includeInIndex = 0; path = MOPCONTests.octest; sourceTree = BUILT_PRODUCTS_DIR; };
		B3731248176CDA1B0028186C /* SenTestingKit.framework */ = {isa = PBXFileReference; lastKnownFileType = wrapper.framework; name = SenTestingKit.framework; path = Library/Frameworks/SenTestingKit.framework; sourceTree = DEVELOPER_DIR; };
		B3731250176CDA1B0028186C /* MOPCONTests-Info.plist */ = {isa = PBXFileReference; lastKnownFileType = text.plist.xml; path = "MOPCONTests-Info.plist"; sourceTree = "<group>"; };
		B3731252176CDA1B0028186C /* en */ = {isa = PBXFileReference; lastKnownFileType = text.plist.strings; name = en; path = en.lproj/InfoPlist.strings; sourceTree = "<group>"; };
		B3731254176CDA1B0028186C /* MOPCONTests.h */ = {isa = PBXFileReference; lastKnownFileType = sourcecode.c.h; path = MOPCONTests.h; sourceTree = "<group>"; };
		B3731255176CDA1B0028186C /* MOPCONTests.m */ = {isa = PBXFileReference; lastKnownFileType = sourcecode.c.objc; path = MOPCONTests.m; sourceTree = "<group>"; };
		B373125F176CDC200028186C /* MCSplashViewController.h */ = {isa = PBXFileReference; fileEncoding = 4; lastKnownFileType = sourcecode.c.h; path = MCSplashViewController.h; sourceTree = "<group>"; };
		B3731260176CDC200028186C /* MCSplashViewController.m */ = {isa = PBXFileReference; fileEncoding = 4; lastKnownFileType = sourcecode.c.objc; path = MCSplashViewController.m; sourceTree = "<group>"; };
		B3731261176CDC200028186C /* MCSplashViewController.xib */ = {isa = PBXFileReference; fileEncoding = 4; lastKnownFileType = file.xib; path = MCSplashViewController.xib; sourceTree = "<group>"; };
		B373126A176CE0380028186C /* MCMainViewController.h */ = {isa = PBXFileReference; fileEncoding = 4; lastKnownFileType = sourcecode.c.h; path = MCMainViewController.h; sourceTree = "<group>"; };
		B373126B176CE0380028186C /* MCMainViewController.m */ = {isa = PBXFileReference; fileEncoding = 4; lastKnownFileType = sourcecode.c.objc; path = MCMainViewController.m; sourceTree = "<group>"; };
		B373126C176CE0380028186C /* MCMainViewController.xib */ = {isa = PBXFileReference; fileEncoding = 4; lastKnownFileType = file.xib; path = MCMainViewController.xib; sourceTree = "<group>"; };
		B3731271176CE16D0028186C /* MCAgendaViewController.h */ = {isa = PBXFileReference; fileEncoding = 4; lastKnownFileType = sourcecode.c.h; path = MCAgendaViewController.h; sourceTree = "<group>"; };
		B3731272176CE16D0028186C /* MCAgendaViewController.m */ = {isa = PBXFileReference; fileEncoding = 4; lastKnownFileType = sourcecode.c.objc; path = MCAgendaViewController.m; sourceTree = "<group>"; };
		B3731273176CE16D0028186C /* MCAgendaViewController.xib */ = {isa = PBXFileReference; fileEncoding = 4; lastKnownFileType = file.xib; path = MCAgendaViewController.xib; sourceTree = "<group>"; };
		B3731279176CE3BC0028186C /* glyphicons_045_calendar.png */ = {isa = PBXFileReference; lastKnownFileType = image.png; path = glyphicons_045_calendar.png; sourceTree = "<group>"; };
		B373127A176CE3BC0028186C /* glyphicons_045_calendar@2x.png */ = {isa = PBXFileReference; lastKnownFileType = image.png; path = "glyphicons_045_calendar@2x.png"; sourceTree = "<group>"; };
		B373127F176CE3E40028186C /* glyphicons_242_google_maps.png */ = {isa = PBXFileReference; lastKnownFileType = image.png; path = glyphicons_242_google_maps.png; sourceTree = "<group>"; };
		B3731280176CE3E40028186C /* glyphicons_242_google_maps@2x.png */ = {isa = PBXFileReference; lastKnownFileType = image.png; path = "glyphicons_242_google_maps@2x.png"; sourceTree = "<group>"; };
		B3731285176CE4380028186C /* MCTrafficGuideViewController.h */ = {isa = PBXFileReference; fileEncoding = 4; lastKnownFileType = sourcecode.c.h; path = MCTrafficGuideViewController.h; sourceTree = "<group>"; };
		B3731286176CE4380028186C /* MCTrafficGuideViewController.m */ = {isa = PBXFileReference; fileEncoding = 4; lastKnownFileType = sourcecode.c.objc; path = MCTrafficGuideViewController.m; sourceTree = "<group>"; };
		B3731287176CE4380028186C /* MCTrafficGuideViewController.xib */ = {isa = PBXFileReference; fileEncoding = 4; lastKnownFileType = file.xib; path = MCTrafficGuideViewController.xib; sourceTree = "<group>"; };
		B373128C176CE4AB0028186C /* glyphicons_026_road.png */ = {isa = PBXFileReference; lastKnownFileType = image.png; path = glyphicons_026_road.png; sourceTree = "<group>"; };
		B373128D176CE4AB0028186C /* glyphicons_026_road@2x.png */ = {isa = PBXFileReference; lastKnownFileType = image.png; path = "glyphicons_026_road@2x.png"; sourceTree = "<group>"; };
		B3731292176CE4EC0028186C /* MCInfoViewController.h */ = {isa = PBXFileReference; fileEncoding = 4; lastKnownFileType = sourcecode.c.h; path = MCInfoViewController.h; sourceTree = "<group>"; };
		B3731293176CE4EC0028186C /* MCInfoViewController.m */ = {isa = PBXFileReference; fileEncoding = 4; lastKnownFileType = sourcecode.c.objc; path = MCInfoViewController.m; sourceTree = "<group>"; };
		B3731294176CE4EC0028186C /* MCInfoViewController.xib */ = {isa = PBXFileReference; fileEncoding = 4; lastKnownFileType = file.xib; path = MCInfoViewController.xib; sourceTree = "<group>"; };
		B3731299176CE5360028186C /* glyphicons_195_circle_info.png */ = {isa = PBXFileReference; lastKnownFileType = image.png; path = glyphicons_195_circle_info.png; sourceTree = "<group>"; };
		B373129A176CE5360028186C /* glyphicons_195_circle_info@2x.png */ = {isa = PBXFileReference; lastKnownFileType = image.png; path = "glyphicons_195_circle_info@2x.png"; sourceTree = "<group>"; };
/* End PBXFileReference section */

/* Begin PBXFrameworksBuildPhase section */
		B373121B176CDA1B0028186C /* Frameworks */ = {
			isa = PBXFrameworksBuildPhase;
			buildActionMask = 2147483647;
			files = (
				B3731222176CDA1B0028186C /* UIKit.framework in Frameworks */,
				B3731224176CDA1B0028186C /* Foundation.framework in Frameworks */,
				B3731226176CDA1B0028186C /* CoreGraphics.framework in Frameworks */,
			);
			runOnlyForDeploymentPostprocessing = 0;
		};
		B3731243176CDA1B0028186C /* Frameworks */ = {
			isa = PBXFrameworksBuildPhase;
			buildActionMask = 2147483647;
			files = (
				B3731249176CDA1B0028186C /* SenTestingKit.framework in Frameworks */,
				B373124A176CDA1B0028186C /* UIKit.framework in Frameworks */,
				B373124B176CDA1B0028186C /* Foundation.framework in Frameworks */,
			);
			runOnlyForDeploymentPostprocessing = 0;
		};
/* End PBXFrameworksBuildPhase section */

/* Begin PBXGroup section */
		B3731215176CDA1B0028186C = {
			isa = PBXGroup;
			children = (
				B3731227176CDA1B0028186C /* MOPCON */,
				B373124E176CDA1B0028186C /* MOPCONTests */,
				B3731220176CDA1B0028186C /* Frameworks */,
				B373121F176CDA1B0028186C /* Products */,
			);
			sourceTree = "<group>";
		};
		B373121F176CDA1B0028186C /* Products */ = {
			isa = PBXGroup;
			children = (
				B373121E176CDA1B0028186C /* MOPCON.app */,
				B3731247176CDA1B0028186C /* MOPCONTests.octest */,
			);
			name = Products;
			sourceTree = "<group>";
		};
		B3731220176CDA1B0028186C /* Frameworks */ = {
			isa = PBXGroup;
			children = (
				B3731221176CDA1B0028186C /* UIKit.framework */,
				B3731223176CDA1B0028186C /* Foundation.framework */,
				B3731225176CDA1B0028186C /* CoreGraphics.framework */,
				B3731248176CDA1B0028186C /* SenTestingKit.framework */,
			);
			name = Frameworks;
			sourceTree = "<group>";
		};
		B3731227176CDA1B0028186C /* MOPCON */ = {
			isa = PBXGroup;
			children = (
				B3731278176CE3B30028186C /* Assets */,
				B3731230176CDA1B0028186C /* MCAppDelegate.h */,
				B3731231176CDA1B0028186C /* MCAppDelegate.m */,
				B3731228176CDA1B0028186C /* Supporting Files */,
				B373125F176CDC200028186C /* MCSplashViewController.h */,
				B3731260176CDC200028186C /* MCSplashViewController.m */,
				B3731261176CDC200028186C /* MCSplashViewController.xib */,
				B373126A176CE0380028186C /* MCMainViewController.h */,
				B373126B176CE0380028186C /* MCMainViewController.m */,
				B373126C176CE0380028186C /* MCMainViewController.xib */,
				B3731271176CE16D0028186C /* MCAgendaViewController.h */,
				B3731272176CE16D0028186C /* MCAgendaViewController.m */,
				B3731273176CE16D0028186C /* MCAgendaViewController.xib */,
				B3731285176CE4380028186C /* MCTrafficGuideViewController.h */,
				B3731286176CE4380028186C /* MCTrafficGuideViewController.m */,
				B3731287176CE4380028186C /* MCTrafficGuideViewController.xib */,
				B3731292176CE4EC0028186C /* MCInfoViewController.h */,
				B3731293176CE4EC0028186C /* MCInfoViewController.m */,
				B3731294176CE4EC0028186C /* MCInfoViewController.xib */,
			);
			path = MOPCON;
			sourceTree = "<group>";
		};
		B3731228176CDA1B0028186C /* Supporting Files */ = {
			isa = PBXGroup;
			children = (
				B3731229176CDA1B0028186C /* MOPCON-Info.plist */,
				B373122A176CDA1B0028186C /* InfoPlist.strings */,
				B373122D176CDA1B0028186C /* main.m */,
				B373122F176CDA1B0028186C /* MOPCON-Prefix.pch */,
				B3731233176CDA1B0028186C /* Default.png */,
				B3731235176CDA1B0028186C /* Default@2x.png */,
				B3731237176CDA1B0028186C /* Default-568h@2x.png */,
			);
			name = "Supporting Files";
			sourceTree = "<group>";
		};
		B373124E176CDA1B0028186C /* MOPCONTests */ = {
			isa = PBXGroup;
			children = (
				B3731254176CDA1B0028186C /* MOPCONTests.h */,
				B3731255176CDA1B0028186C /* MOPCONTests.m */,
				B373124F176CDA1B0028186C /* Supporting Files */,
			);
			path = MOPCONTests;
			sourceTree = "<group>";
		};
		B373124F176CDA1B0028186C /* Supporting Files */ = {
			isa = PBXGroup;
			children = (
				B3731250176CDA1B0028186C /* MOPCONTests-Info.plist */,
				B3731251176CDA1B0028186C /* InfoPlist.strings */,
			);
			name = "Supporting Files";
			sourceTree = "<group>";
		};
		B3731278176CE3B30028186C /* Assets */ = {
			isa = PBXGroup;
			children = (
				B3731299176CE5360028186C /* glyphicons_195_circle_info.png */,
				B373129A176CE5360028186C /* glyphicons_195_circle_info@2x.png */,
				B373128C176CE4AB0028186C /* glyphicons_026_road.png */,
				B373128D176CE4AB0028186C /* glyphicons_026_road@2x.png */,
				B373127F176CE3E40028186C /* glyphicons_242_google_maps.png */,
				B3731280176CE3E40028186C /* glyphicons_242_google_maps@2x.png */,
				B3731279176CE3BC0028186C /* glyphicons_045_calendar.png */,
				B373127A176CE3BC0028186C /* glyphicons_045_calendar@2x.png */,
			);
			name = Assets;
			sourceTree = "<group>";
		};
/* End PBXGroup section */

/* Begin PBXNativeTarget section */
		B373121D176CDA1B0028186C /* MOPCON */ = {
			isa = PBXNativeTarget;
			buildConfigurationList = B3731259176CDA1B0028186C /* Build configuration list for PBXNativeTarget "MOPCON" */;
			buildPhases = (
				B373121A176CDA1B0028186C /* Sources */,
				B373121B176CDA1B0028186C /* Frameworks */,
				B373121C176CDA1B0028186C /* Resources */,
			);
			buildRules = (
			);
			dependencies = (
			);
			name = MOPCON;
			productName = MOPCON;
			productReference = B373121E176CDA1B0028186C /* MOPCON.app */;
			productType = "com.apple.product-type.application";
		};
		B3731246176CDA1B0028186C /* MOPCONTests */ = {
			isa = PBXNativeTarget;
			buildConfigurationList = B373125C176CDA1B0028186C /* Build configuration list for PBXNativeTarget "MOPCONTests" */;
			buildPhases = (
				B3731242176CDA1B0028186C /* Sources */,
				B3731243176CDA1B0028186C /* Frameworks */,
				B3731244176CDA1B0028186C /* Resources */,
				B3731245176CDA1B0028186C /* ShellScript */,
			);
			buildRules = (
			);
			dependencies = (
				B373124D176CDA1B0028186C /* PBXTargetDependency */,
			);
			name = MOPCONTests;
			productName = MOPCONTests;
			productReference = B3731247176CDA1B0028186C /* MOPCONTests.octest */;
			productType = "com.apple.product-type.bundle";
		};
/* End PBXNativeTarget section */

/* Begin PBXProject section */
		B3731216176CDA1B0028186C /* Project object */ = {
			isa = PBXProject;
			attributes = {
				CLASSPREFIX = MC;
				LastUpgradeCheck = 0460;
				ORGANIZATIONNAME = MOPCON;
			};
			buildConfigurationList = B3731219176CDA1B0028186C /* Build configuration list for PBXProject "MOPCON" */;
			compatibilityVersion = "Xcode 3.2";
			developmentRegion = English;
			hasScannedForEncodings = 0;
			knownRegions = (
				en,
			);
			mainGroup = B3731215176CDA1B0028186C;
			productRefGroup = B373121F176CDA1B0028186C /* Products */;
			projectDirPath = "";
			projectRoot = "";
			targets = (
				B373121D176CDA1B0028186C /* MOPCON */,
				B3731246176CDA1B0028186C /* MOPCONTests */,
			);
		};
/* End PBXProject section */

/* Begin PBXResourcesBuildPhase section */
		B373121C176CDA1B0028186C /* Resources */ = {
			isa = PBXResourcesBuildPhase;
			buildActionMask = 2147483647;
			files = (
				B373122C176CDA1B0028186C /* InfoPlist.strings in Resources */,
				B3731234176CDA1B0028186C /* Default.png in Resources */,
				B3731236176CDA1B0028186C /* Default@2x.png in Resources */,
				B3731238176CDA1B0028186C /* Default-568h@2x.png in Resources */,
				B3731264176CDC200028186C /* MCSplashViewController.xib in Resources */,
				B373126F176CE0380028186C /* MCMainViewController.xib in Resources */,
				B3731276176CE16D0028186C /* MCAgendaViewController.xib in Resources */,
				B373127B176CE3BC0028186C /* glyphicons_045_calendar.png in Resources */,
				B373127D176CE3BC0028186C /* glyphicons_045_calendar@2x.png in Resources */,
				B3731281176CE3E40028186C /* glyphicons_242_google_maps.png in Resources */,
				B3731283176CE3E40028186C /* glyphicons_242_google_maps@2x.png in Resources */,
				B373128A176CE4380028186C /* MCTrafficGuideViewController.xib in Resources */,
				B373128E176CE4AB0028186C /* glyphicons_026_road.png in Resources */,
				B3731290176CE4AB0028186C /* glyphicons_026_road@2x.png in Resources */,
				B3731297176CE4EC0028186C /* MCInfoViewController.xib in Resources */,
				B373129B176CE5360028186C /* glyphicons_195_circle_info.png in Resources */,
				B373129D176CE5360028186C /* glyphicons_195_circle_info@2x.png in Resources */,
			);
			runOnlyForDeploymentPostprocessing = 0;
		};
		B3731244176CDA1B0028186C /* Resources */ = {
			isa = PBXResourcesBuildPhase;
			buildActionMask = 2147483647;
			files = (
				B3731253176CDA1B0028186C /* InfoPlist.strings in Resources */,
				B3731265176CDC200028186C /* MCSplashViewController.xib in Resources */,
				B3731270176CE0380028186C /* MCMainViewController.xib in Resources */,
				B3731277176CE16D0028186C /* MCAgendaViewController.xib in Resources */,
				B373127C176CE3BC0028186C /* glyphicons_045_calendar.png in Resources */,
				B373127E176CE3BC0028186C /* glyphicons_045_calendar@2x.png in Resources */,
				B3731282176CE3E40028186C /* glyphicons_242_google_maps.png in Resources */,
				B3731284176CE3E40028186C /* glyphicons_242_google_maps@2x.png in Resources */,
				B373128B176CE4380028186C /* MCTrafficGuideViewController.xib in Resources */,
				B373128F176CE4AB0028186C /* glyphicons_026_road.png in Resources */,
				B3731291176CE4AB0028186C /* glyphicons_026_road@2x.png in Resources */,
				B3731298176CE4EC0028186C /* MCInfoViewController.xib in Resources */,
				B373129C176CE5360028186C /* glyphicons_195_circle_info.png in Resources */,
				B373129E176CE5360028186C /* glyphicons_195_circle_info@2x.png in Resources */,
			);
			runOnlyForDeploymentPostprocessing = 0;
		};
/* End PBXResourcesBuildPhase section */

/* Begin PBXShellScriptBuildPhase section */
		B3731245176CDA1B0028186C /* ShellScript */ = {
			isa = PBXShellScriptBuildPhase;
			buildActionMask = 2147483647;
			files = (
			);
			inputPaths = (
			);
			outputPaths = (
			);
			runOnlyForDeploymentPostprocessing = 0;
			shellPath = /bin/sh;
			shellScript = "# Run the unit tests in this test bundle.\n\"${SYSTEM_DEVELOPER_DIR}/Tools/RunUnitTests\"\n";
		};
/* End PBXShellScriptBuildPhase section */

/* Begin PBXSourcesBuildPhase section */
		B373121A176CDA1B0028186C /* Sources */ = {
			isa = PBXSourcesBuildPhase;
			buildActionMask = 2147483647;
			files = (
				B373122E176CDA1B0028186C /* main.m in Sources */,
				B3731232176CDA1B0028186C /* MCAppDelegate.m in Sources */,
				B3731262176CDC200028186C /* MCSplashViewController.m in Sources */,
				B373126D176CE0380028186C /* MCMainViewController.m in Sources */,
				B3731274176CE16D0028186C /* MCAgendaViewController.m in Sources */,
				B3731288176CE4380028186C /* MCTrafficGuideViewController.m in Sources */,
				B3731295176CE4EC0028186C /* MCInfoViewController.m in Sources */,
			);
			runOnlyForDeploymentPostprocessing = 0;
		};
		B3731242176CDA1B0028186C /* Sources */ = {
			isa = PBXSourcesBuildPhase;
			buildActionMask = 2147483647;
			files = (
				B3731256176CDA1B0028186C /* MOPCONTests.m in Sources */,
				B3731263176CDC200028186C /* MCSplashViewController.m in Sources */,
				B373126E176CE0380028186C /* MCMainViewController.m in Sources */,
				B3731275176CE16D0028186C /* MCAgendaViewController.m in Sources */,
				B3731289176CE4380028186C /* MCTrafficGuideViewController.m in Sources */,
				B3731296176CE4EC0028186C /* MCInfoViewController.m in Sources */,
			);
			runOnlyForDeploymentPostprocessing = 0;
		};
/* End PBXSourcesBuildPhase section */

/* Begin PBXTargetDependency section */
		B373124D176CDA1B0028186C /* PBXTargetDependency */ = {
			isa = PBXTargetDependency;
			target = B373121D176CDA1B0028186C /* MOPCON */;
			targetProxy = B373124C176CDA1B0028186C /* PBXContainerItemProxy */;
		};
/* End PBXTargetDependency section */

/* Begin PBXVariantGroup section */
		B373122A176CDA1B0028186C /* InfoPlist.strings */ = {
			isa = PBXVariantGroup;
			children = (
				B373122B176CDA1B0028186C /* en */,
			);
			name = InfoPlist.strings;
			sourceTree = "<group>";
		};
		B3731251176CDA1B0028186C /* InfoPlist.strings */ = {
			isa = PBXVariantGroup;
			children = (
				B3731252176CDA1B0028186C /* en */,
			);
			name = InfoPlist.strings;
			sourceTree = "<group>";
		};
/* End PBXVariantGroup section */

/* Begin XCBuildConfiguration section */
		B3731257176CDA1B0028186C /* Debug */ = {
			isa = XCBuildConfiguration;
			buildSettings = {
				ALWAYS_SEARCH_USER_PATHS = NO;
				CLANG_CXX_LANGUAGE_STANDARD = "gnu++0x";
				CLANG_CXX_LIBRARY = "libc++";
				CLANG_ENABLE_OBJC_ARC = YES;
				CLANG_WARN_CONSTANT_CONVERSION = YES;
				CLANG_WARN_EMPTY_BODY = YES;
				CLANG_WARN_ENUM_CONVERSION = YES;
				CLANG_WARN_INT_CONVERSION = YES;
				CLANG_WARN__DUPLICATE_METHOD_MATCH = YES;
				"CODE_SIGN_IDENTITY[sdk=iphoneos*]" = "iPhone Developer";
				COPY_PHASE_STRIP = NO;
				GCC_C_LANGUAGE_STANDARD = gnu99;
				GCC_DYNAMIC_NO_PIC = NO;
				GCC_OPTIMIZATION_LEVEL = 0;
				GCC_PREPROCESSOR_DEFINITIONS = (
					"DEBUG=1",
					"$(inherited)",
				);
				GCC_SYMBOLS_PRIVATE_EXTERN = NO;
				GCC_WARN_ABOUT_RETURN_TYPE = YES;
				GCC_WARN_UNINITIALIZED_AUTOS = YES;
				GCC_WARN_UNUSED_VARIABLE = YES;
				IPHONEOS_DEPLOYMENT_TARGET = 6.1;
				ONLY_ACTIVE_ARCH = YES;
				SDKROOT = iphoneos;
				TARGETED_DEVICE_FAMILY = "1,2";
			};
			name = Debug;
		};
		B3731258176CDA1B0028186C /* Release */ = {
			isa = XCBuildConfiguration;
			buildSettings = {
				ALWAYS_SEARCH_USER_PATHS = NO;
				CLANG_CXX_LANGUAGE_STANDARD = "gnu++0x";
				CLANG_CXX_LIBRARY = "libc++";
				CLANG_ENABLE_OBJC_ARC = YES;
				CLANG_WARN_CONSTANT_CONVERSION = YES;
				CLANG_WARN_EMPTY_BODY = YES;
				CLANG_WARN_ENUM_CONVERSION = YES;
				CLANG_WARN_INT_CONVERSION = YES;
				CLANG_WARN__DUPLICATE_METHOD_MATCH = YES;
				"CODE_SIGN_IDENTITY[sdk=iphoneos*]" = "iPhone Developer";
				COPY_PHASE_STRIP = YES;
				GCC_C_LANGUAGE_STANDARD = gnu99;
				GCC_WARN_ABOUT_RETURN_TYPE = YES;
				GCC_WARN_UNINITIALIZED_AUTOS = YES;
				GCC_WARN_UNUSED_VARIABLE = YES;
				IPHONEOS_DEPLOYMENT_TARGET = 6.1;
				OTHER_CFLAGS = "-DNS_BLOCK_ASSERTIONS=1";
				SDKROOT = iphoneos;
				TARGETED_DEVICE_FAMILY = "1,2";
				VALIDATE_PRODUCT = YES;
			};
			name = Release;
		};
		B373125A176CDA1B0028186C /* Debug */ = {
			isa = XCBuildConfiguration;
			buildSettings = {
				GCC_PRECOMPILE_PREFIX_HEADER = YES;
				GCC_PREFIX_HEADER = "MOPCON/MOPCON-Prefix.pch";
				INFOPLIST_FILE = "MOPCON/MOPCON-Info.plist";
				IPHONEOS_DEPLOYMENT_TARGET = 4.3;
				PRODUCT_NAME = "$(TARGET_NAME)";
				WRAPPER_EXTENSION = app;
			};
			name = Debug;
		};
		B373125B176CDA1B0028186C /* Release */ = {
			isa = XCBuildConfiguration;
			buildSettings = {
				GCC_PRECOMPILE_PREFIX_HEADER = YES;
				GCC_PREFIX_HEADER = "MOPCON/MOPCON-Prefix.pch";
				INFOPLIST_FILE = "MOPCON/MOPCON-Info.plist";
				IPHONEOS_DEPLOYMENT_TARGET = 4.3;
				PRODUCT_NAME = "$(TARGET_NAME)";
				WRAPPER_EXTENSION = app;
			};
			name = Release;
		};
		B373125D176CDA1B0028186C /* Debug */ = {
			isa = XCBuildConfiguration;
			buildSettings = {
				BUNDLE_LOADER = "$(BUILT_PRODUCTS_DIR)/MOPCON.app/MOPCON";
				FRAMEWORK_SEARCH_PATHS = (
					"\"$(SDKROOT)/Developer/Library/Frameworks\"",
					"\"$(DEVELOPER_LIBRARY_DIR)/Frameworks\"",
				);
				GCC_PRECOMPILE_PREFIX_HEADER = YES;
				GCC_PREFIX_HEADER = "MOPCON/MOPCON-Prefix.pch";
				INFOPLIST_FILE = "MOPCONTests/MOPCONTests-Info.plist";
				PRODUCT_NAME = "$(TARGET_NAME)";
				TEST_HOST = "$(BUNDLE_LOADER)";
				WRAPPER_EXTENSION = octest;
			};
			name = Debug;
		};
		B373125E176CDA1B0028186C /* Release */ = {
			isa = XCBuildConfiguration;
			buildSettings = {
				BUNDLE_LOADER = "$(BUILT_PRODUCTS_DIR)/MOPCON.app/MOPCON";
				FRAMEWORK_SEARCH_PATHS = (
					"\"$(SDKROOT)/Developer/Library/Frameworks\"",
					"\"$(DEVELOPER_LIBRARY_DIR)/Frameworks\"",
				);
				GCC_PRECOMPILE_PREFIX_HEADER = YES;
				GCC_PREFIX_HEADER = "MOPCON/MOPCON-Prefix.pch";
				INFOPLIST_FILE = "MOPCONTests/MOPCONTests-Info.plist";
				PRODUCT_NAME = "$(TARGET_NAME)";
				TEST_HOST = "$(BUNDLE_LOADER)";
				WRAPPER_EXTENSION = octest;
			};
			name = Release;
		};
/* End XCBuildConfiguration section */

/* Begin XCConfigurationList section */
		B3731219176CDA1B0028186C /* Build configuration list for PBXProject "MOPCON" */ = {
			isa = XCConfigurationList;
			buildConfigurations = (
				B3731257176CDA1B0028186C /* Debug */,
				B3731258176CDA1B0028186C /* Release */,
			);
			defaultConfigurationIsVisible = 0;
			defaultConfigurationName = Release;
		};
		B3731259176CDA1B0028186C /* Build configuration list for PBXNativeTarget "MOPCON" */ = {
			isa = XCConfigurationList;
			buildConfigurations = (
				B373125A176CDA1B0028186C /* Debug */,
				B373125B176CDA1B0028186C /* Release */,
			);
			defaultConfigurationIsVisible = 0;
			defaultConfigurationName = Release;
		};
		B373125C176CDA1B0028186C /* Build configuration list for PBXNativeTarget "MOPCONTests" */ = {
			isa = XCConfigurationList;
			buildConfigurations = (
				B373125D176CDA1B0028186C /* Debug */,
				B373125E176CDA1B0028186C /* Release */,
			);
			defaultConfigurationIsVisible = 0;
			defaultConfigurationName = Release;
		};
/* End XCConfigurationList section */
	};
	rootObject = B3731216176CDA1B0028186C /* Project object */;
}
